# This file is automatically @generated by Poetry 1.8.3 and should not be changed by hand.

[[package]]
name = "click"
version = "8.1.7"
description = "Composable command line interface toolkit"
optional = false
python-versions = ">=3.7"
files = [
    {file = "click-8.1.7-py3-none-any.whl", hash = "sha256:ae74fb96c20a0277a1d615f1e4d73c8414f5a98db8b799a7931d1582f3390c28"},
    {file = "click-8.1.7.tar.gz", hash = "sha256:ca9853ad459e787e2192211578cc907e7594e294c7ccc834310722b41b9ca6de"},
]

[package.dependencies]
colorama = {version = "*", markers = "platform_system == \"Windows\""}

[[package]]
name = "colorama"
version = "0.4.6"
description = "Cross-platform colored terminal text."
optional = false
python-versions = "!=3.0.*,!=3.1.*,!=3.2.*,!=3.3.*,!=3.4.*,!=3.5.*,!=3.6.*,>=2.7"
files = [
    {file = "colorama-0.4.6-py2.py3-none-any.whl", hash = "sha256:4f1d9991f5acc0ca119f9d443620b77f9d6b33703e51011c16baf57afb285fc6"},
    {file = "colorama-0.4.6.tar.gz", hash = "sha256:08695f5cb7ed6e0531a20572697297273c47b8cae5a63ffc6d6ed5c201be6e44"},
]

[[package]]
name = "fabric"
version = "0.0.1"
description = "Next-Gen python framework for creating system widgets on *Nix systems!"
optional = false
python-versions = ">=3.11"
files = []
develop = false

[package.dependencies]
click = "*"
loguru = "*"
pycairo = "*"
PyGObject = "*"

[package.extras]
system-status = ["psutil"]

[package.source]
type = "git"
url = "https://github.com/Fabric-Development/fabric.git"
reference = "HEAD"
resolved_reference = "1b33bbb828816c95ddc113cf47310f7bab616a94"

[[package]]
name = "loguru"
version = "0.7.2"
description = "Python logging made (stupidly) simple"
optional = false
python-versions = ">=3.5"
files = [
    {file = "loguru-0.7.2-py3-none-any.whl", hash = "sha256:003d71e3d3ed35f0f8984898359d65b79e5b21943f78af86aa5491210429b8eb"},
    {file = "loguru-0.7.2.tar.gz", hash = "sha256:e671a53522515f34fd406340ee968cb9ecafbc4b36c679da03c18fd8d0bd51ac"},
]

[package.dependencies]
colorama = {version = ">=0.3.4", markers = "sys_platform == \"win32\""}
win32-setctime = {version = ">=1.0.0", markers = "sys_platform == \"win32\""}

[package.extras]
dev = ["Sphinx (==7.2.5)", "colorama (==0.4.5)", "colorama (==0.4.6)", "exceptiongroup (==1.1.3)", "freezegun (==1.1.0)", "freezegun (==1.2.2)", "mypy (==v0.910)", "mypy (==v0.971)", "mypy (==v1.4.1)", "mypy (==v1.5.1)", "pre-commit (==3.4.0)", "pytest (==6.1.2)", "pytest (==7.4.0)", "pytest-cov (==2.12.1)", "pytest-cov (==4.1.0)", "pytest-mypy-plugins (==1.9.3)", "pytest-mypy-plugins (==3.0.0)", "sphinx-autobuild (==2021.3.14)", "sphinx-rtd-theme (==1.3.0)", "tox (==3.27.1)", "tox (==4.11.0)"]

[[package]]
name = "pycairo"
version = "1.26.0"
description = "Python interface for cairo"
optional = false
python-versions = ">=3.8"
files = [
    {file = "pycairo-1.26.0-cp310-cp310-win32.whl", hash = "sha256:696ba8024d2827e66e088a6e05a3b0aea30d289476bcb2ca47c9670d40900a50"},
    {file = "pycairo-1.26.0-cp310-cp310-win_amd64.whl", hash = "sha256:b6690a00fb225c19f42d76660e676aba7ae7cb18f3632cb02bce7f0d9b9c3800"},
    {file = "pycairo-1.26.0-cp310-cp310-win_arm64.whl", hash = "sha256:1d54e28170a5e790269d9db4c195cca5152ff018ba7e330d0ed05d86ccc2ea7d"},
    {file = "pycairo-1.26.0-cp311-cp311-win32.whl", hash = "sha256:5986b8da3e7de7ab931d7ad527938df38f75d3a3bdea2b515c786c5ca2c5093c"},
    {file = "pycairo-1.26.0-cp311-cp311-win_amd64.whl", hash = "sha256:d374d9ec6d2f791bf57105d87a9028db1ef2b687848f64a524e447033eae7229"},
    {file = "pycairo-1.26.0-cp311-cp311-win_arm64.whl", hash = "sha256:20a31af89d92ffd5fc60c08e65ff649f16e18621a14a40dbdb049fc74942d7a9"},
    {file = "pycairo-1.26.0-cp312-cp312-win32.whl", hash = "sha256:d63929ab5a2f890a333f2f2f51de9f1c9fe20d1bddc982c2ca577b737448d72f"},
    {file = "pycairo-1.26.0-cp312-cp312-win_amd64.whl", hash = "sha256:8616408ae93de4824a3777ec532ea75643e4bf74e49d601062c0b1788180c962"},
    {file = "pycairo-1.26.0-cp312-cp312-win_arm64.whl", hash = "sha256:a611e4d82ad8470138bb46d465d47e8db826d9d80b6a520ccd83ee007f2073e4"},
    {file = "pycairo-1.26.0-cp38-cp38-win32.whl", hash = "sha256:675578bc6d62d15ff8669f264783efc9c8c73e3a6f564b294a70fb45a2f78667"},
    {file = "pycairo-1.26.0-cp38-cp38-win_amd64.whl", hash = "sha256:aac447b423b33b64119ecdd1ffebf9163b07f5401c5da50c707197efdd1c918a"},
    {file = "pycairo-1.26.0-cp39-cp39-win32.whl", hash = "sha256:9fa51168010e2dfb45499df071fca2d921893f724646f3454951000a7ad0cabb"},
    {file = "pycairo-1.26.0-cp39-cp39-win_amd64.whl", hash = "sha256:3e4e18ea03122e60abe3eb611e2849859cc950083ff85d8369328eadf3df63f5"},
    {file = "pycairo-1.26.0-cp39-cp39-win_arm64.whl", hash = "sha256:a8f3b567ba2ad55624a809823ccf75aff8d768c20216cb5888365f6fc695c1d2"},
    {file = "pycairo-1.26.0.tar.gz", hash = "sha256:2dddd0a874fbddb21e14acd9b955881ee1dc6e63b9c549a192d613a907f9cbeb"},
]

[[package]]
name = "pygobject"
version = "3.48.2"
description = "Python bindings for GObject Introspection"
optional = false
python-versions = "<4,>=3.8"
files = [
    {file = "pygobject-3.48.2.tar.gz", hash = "sha256:c3c0a7afbe5b2c1c64dc0530109b4dd571085153dbedfbccb8ec7c5ad233f977"},
]

[package.dependencies]
pycairo = ">=1.16"

[package.extras]
dev = ["flake8", "pytest", "pytest-cov"]
docs = ["sphinx (>=4.0,<5.0)", "sphinx-rtd-theme (>=0.5,<2.0)"]

[[package]]
name = "win32-setctime"
version = "1.1.0"
description = "A small Python utility to set file creation time on Windows"
optional = false
python-versions = ">=3.5"
files = [
    {file = "win32_setctime-1.1.0-py3-none-any.whl", hash = "sha256:231db239e959c2fe7eb1d7dc129f11172354f98361c4fa2d6d2d7e278baa8aad"},
    {file = "win32_setctime-1.1.0.tar.gz", hash = "sha256:15cf5750465118d6929ae4de4eb46e8edae9a5634350c01ba582df868e932cb2"},
]

[package.extras]
dev = ["black (>=19.3b0)", "pytest (>=4.6.2)"]

[metadata]
lock-version = "2.0"
python-versions = "^3.12"
content-hash = "823e0a518180bf1f40bbcb6a73e5fc4aa38319a79d7b326b5dd2dcd1bc4f58af"
